
Microsoft Visual Studio Solution File, Format Version 12.00
# Visual Studio Version 17
VisualStudioVersion = 17.5.33424.131
MinimumVisualStudioVersion = 10.0.40219.1
Project("{9A19103F-16F7-4668-BE54-9A1E7A4F7556}") = "CL(CLegendary Launcher)", "CL(CLegendary Launcher)\CL(CLegendary Launcher).csproj", "{A7E4B2B8-0332-4916-BDE4-70AE36CEC8A0}"
EndProject
Global
	GlobalSection(SolutionConfigurationPlatforms) = preSolution
		Debug|Any CPU = Debug|Any CPU
		Release|Any CPU = Release|Any CPU
	EndGlobalSection
	GlobalSection(ProjectConfigurationPlatforms) = postSolution
		{A7E4B2B8-0332-4916-BDE4-70AE36CEC8A0}.Debug|Any CPU.ActiveCfg = Debug|Any CPU
		{A7E4B2B8-0332-4916-BDE4-70AE36CEC8A0}.Debug|Any CPU.Build.0 = Debug|Any CPU
		{A7E4B2B8-0332-4916-BDE4-70AE36CEC8A0}.Release|Any CPU.ActiveCfg = Release|Any CPU
		{A7E4B2B8-0332-4916-BDE4-70AE36CEC8A0}.Release|Any CPU.Build.0 = Release|Any CPU
	EndGlobalSection
	GlobalSection(SolutionProperties) = preSolution
		HideSolutionNode = FALSE
	EndGlobalSection
	GlobalSection(ExtensibilityGlobals) = postSolution
		SolutionGuid = {2ADF9FE4-F7CE-4424-91C3-84A9D7D8A518}
	EndGlobalSection
EndGlobal
